
Microsoft Visual Studio Solution File, Format Version 12.00
# Visual Studio Version 17
VisualStudioVersion = 17.1.32210.238
MinimumVisualStudioVersion = 10.0.40219.1
Project("{FAE04EC0-301F-11D3-BF4B-00C04F79EFBC}") = "Presentacion", "Presentacion.csproj", "{1049680F-C2BA-43A8-A818-50FF8A6F1D56}"
EndProject
Project("{FAE04EC0-301F-11D3-BF4B-00C04F79EFBC}") = "Capa_Datos", "..\Capa_Datos\Capa_Datos.csproj", "{E579B9AE-4238-4D47-AF0C-F4BF1D309D74}"
EndProject
Project("{FAE04EC0-301F-11D3-BF4B-00C04F79EFBC}") = "Capa_Entidad", "..\Capa_Entidad\Capa_Entidad.csproj", "{08FA9671-7548-44F1-BD5B-1B8760E456A3}"
EndProject
Project("{FAE04EC0-301F-11D3-BF4B-00C04F79EFBC}") = "Capa_Negocio", "..\Capa_Negocio\Capa_Negocio.csproj", "{97D2F7DF-E572-497F-92BD-FFBC2648FA46}"
EndProject
Global
	GlobalSection(SolutionConfigurationPlatforms) = preSolution
		Debug|Any CPU = Debug|Any CPU
		Release|Any CPU = Release|Any CPU
	EndGlobalSection
	GlobalSection(ProjectConfigurationPlatforms) = postSolution
		{1049680F-C2BA-43A8-A818-50FF8A6F1D56}.Debug|Any CPU.ActiveCfg = Debug|Any CPU
		{1049680F-C2BA-43A8-A818-50FF8A6F1D56}.Debug|Any CPU.Build.0 = Debug|Any CPU
		{1049680F-C2BA-43A8-A818-50FF8A6F1D56}.Release|Any CPU.ActiveCfg = Release|Any CPU
		{1049680F-C2BA-43A8-A818-50FF8A6F1D56}.Release|Any CPU.Build.0 = Release|Any CPU
		{E579B9AE-4238-4D47-AF0C-F4BF1D309D74}.Debug|Any CPU.ActiveCfg = Debug|Any CPU
		{E579B9AE-4238-4D47-AF0C-F4BF1D309D74}.Debug|Any CPU.Build.0 = Debug|Any CPU
		{E579B9AE-4238-4D47-AF0C-F4BF1D309D74}.Release|Any CPU.ActiveCfg = Release|Any CPU
		{E579B9AE-4238-4D47-AF0C-F4BF1D309D74}.Release|Any CPU.Build.0 = Release|Any CPU
		{08FA9671-7548-44F1-BD5B-1B8760E456A3}.Debug|Any CPU.ActiveCfg = Debug|Any CPU
		{08FA9671-7548-44F1-BD5B-1B8760E456A3}.Debug|Any CPU.Build.0 = Debug|Any CPU
		{08FA9671-7548-44F1-BD5B-1B8760E456A3}.Release|Any CPU.ActiveCfg = Release|Any CPU
		{08FA9671-7548-44F1-BD5B-1B8760E456A3}.Release|Any CPU.Build.0 = Release|Any CPU
		{97D2F7DF-E572-497F-92BD-FFBC2648FA46}.Debug|Any CPU.ActiveCfg = Debug|Any CPU
		{97D2F7DF-E572-497F-92BD-FFBC2648FA46}.Debug|Any CPU.Build.0 = Debug|Any CPU
		{97D2F7DF-E572-497F-92BD-FFBC2648FA46}.Release|Any CPU.ActiveCfg = Release|Any CPU
		{97D2F7DF-E572-497F-92BD-FFBC2648FA46}.Release|Any CPU.Build.0 = Release|Any CPU
	EndGlobalSection
	GlobalSection(SolutionProperties) = preSolution
		HideSolutionNode = FALSE
	EndGlobalSection
	GlobalSection(ExtensibilityGlobals) = postSolution
		SolutionGuid = {9126EAFE-652A-4E2D-BCD1-47801DE53782}
	EndGlobalSection
EndGlobal
